
Microsoft Visual Studio Solution File, Format Version 12.00
# Visual Studio Version 16
VisualStudioVersion = 16.0.30406.217
MinimumVisualStudioVersion = 10.0.40219.1
Project("{9A19103F-16F7-4668-BE54-9A1E7A4F7556}") = "FunctionApiKeys", "FunctionApiKeys\FunctionApiKeys.csproj", "{0EF52005-1C7D-457C-8C23-78775E723D51}"
EndProject
Project("{2150E333-8FDC-42A3-9474-1A3956D46DE8}") = "Solution Items", "Solution Items", "{EE65392C-71DF-4876-98ED-CCEEBF9E2C04}"
	ProjectSection(SolutionItems) = preProject
		..\README.md = ..\README.md
	EndProjectSection
EndProject
Project("{9A19103F-16F7-4668-BE54-9A1E7A4F7556}") = "FunctionCertificate", "FunctionCertificate\FunctionCertificate.csproj", "{460007B0-5F82-4C65-9B44-0409B6901675}"
EndProject
Global
	GlobalSection(SolutionConfigurationPlatforms) = preSolution
		Debug|Any CPU = Debug|Any CPU
		Release|Any CPU = Release|Any CPU
	EndGlobalSection
	GlobalSection(ProjectConfigurationPlatforms) = postSolution
		{0EF52005-1C7D-457C-8C23-78775E723D51}.Debug|Any CPU.ActiveCfg = Debug|Any CPU
		{0EF52005-1C7D-457C-8C23-78775E723D51}.Debug|Any CPU.Build.0 = Debug|Any CPU
		{0EF52005-1C7D-457C-8C23-78775E723D51}.Release|Any CPU.ActiveCfg = Release|Any CPU
		{0EF52005-1C7D-457C-8C23-78775E723D51}.Release|Any CPU.Build.0 = Release|Any CPU
		{460007B0-5F82-4C65-9B44-0409B6901675}.Debug|Any CPU.ActiveCfg = Debug|Any CPU
		{460007B0-5F82-4C65-9B44-0409B6901675}.Debug|Any CPU.Build.0 = Debug|Any CPU
		{460007B0-5F82-4C65-9B44-0409B6901675}.Release|Any CPU.ActiveCfg = Release|Any CPU
		{460007B0-5F82-4C65-9B44-0409B6901675}.Release|Any CPU.Build.0 = Release|Any CPU
	EndGlobalSection
	GlobalSection(SolutionProperties) = preSolution
		HideSolutionNode = FALSE
	EndGlobalSection
	GlobalSection(ExtensibilityGlobals) = postSolution
		SolutionGuid = {EFCD25B0-72AD-41B9-B2E5-7C0735064493}
	EndGlobalSection
EndGlobal
